
Microsoft Visual Studio Solution File, Format Version 12.00
# Visual Studio Version 17
VisualStudioVersion = 17.13.35825.156 d17.13
MinimumVisualStudioVersion = 10.0.40219.1
Project("{FAE04EC0-301F-11D3-BF4B-00C04F79EFBC}") = "QuanLyThuVien", "QuanLyThuVien\QuanLyThuVien.csproj", "{10AF9D90-F18E-467B-8420-CE69F0177AB3}"
EndProject
Global
	GlobalSection(SolutionConfigurationPlatforms) = preSolution
		Debug|Any CPU = Debug|Any CPU
		Release|Any CPU = Release|Any CPU
	EndGlobalSection
	GlobalSection(ProjectConfigurationPlatforms) = postSolution
		{10AF9D90-F18E-467B-8420-CE69F0177AB3}.Debug|Any CPU.ActiveCfg = Debug|Any CPU
		{10AF9D90-F18E-467B-8420-CE69F0177AB3}.Debug|Any CPU.Build.0 = Debug|Any CPU
		{10AF9D90-F18E-467B-8420-CE69F0177AB3}.Release|Any CPU.ActiveCfg = Release|Any CPU
		{10AF9D90-F18E-467B-8420-CE69F0177AB3}.Release|Any CPU.Build.0 = Release|Any CPU
	EndGlobalSection
	GlobalSection(SolutionProperties) = preSolution
		HideSolutionNode = FALSE
	EndGlobalSection
	GlobalSection(ExtensibilityGlobals) = postSolution
		SolutionGuid = {F58940EA-D131-47CF-A04B-3468BBD09D93}
	EndGlobalSection
EndGlobal
