
Microsoft Visual Studio Solution File, Format Version 12.00
# Visual Studio Version 17
VisualStudioVersion = 17.13.35825.156 d17.13
MinimumVisualStudioVersion = 10.0.40219.1
Project("{FAE04EC0-301F-11D3-BF4B-00C04F79EFBC}") = "QuanLyNhanVien", "QuanLyNhanVien\QuanLyNhanVien.csproj", "{A88D090D-B74E-4AD3-99E3-268789E03CA5}"
EndProject
Global
	GlobalSection(SolutionConfigurationPlatforms) = preSolution
		Debug|Any CPU = Debug|Any CPU
		Release|Any CPU = Release|Any CPU
	EndGlobalSection
	GlobalSection(ProjectConfigurationPlatforms) = postSolution
		{A88D090D-B74E-4AD3-99E3-268789E03CA5}.Debug|Any CPU.ActiveCfg = Debug|Any CPU
		{A88D090D-B74E-4AD3-99E3-268789E03CA5}.Debug|Any CPU.Build.0 = Debug|Any CPU
		{A88D090D-B74E-4AD3-99E3-268789E03CA5}.Release|Any CPU.ActiveCfg = Release|Any CPU
		{A88D090D-B74E-4AD3-99E3-268789E03CA5}.Release|Any CPU.Build.0 = Release|Any CPU
	EndGlobalSection
	GlobalSection(SolutionProperties) = preSolution
		HideSolutionNode = FALSE
	EndGlobalSection
	GlobalSection(ExtensibilityGlobals) = postSolution
		SolutionGuid = {E089F630-D665-45E0-94C1-DEA4E821B28C}
	EndGlobalSection
EndGlobal
